
Microsoft Visual Studio Solution File, Format Version 12.00
# Visual Studio 15
VisualStudioVersion = 15.0.28307.271
MinimumVisualStudioVersion = 10.0.40219.1
Project("{9A19103F-16F7-4668-BE54-9A1E7A4F7556}") = "BitBay.NET", "BitBay.NET\BitBay.NET.csproj", "{BA58ECBD-C130-47A6-B7FA-6A926430F1CF}"
EndProject
Project("{9A19103F-16F7-4668-BE54-9A1E7A4F7556}") = "BitBayConsumer", "..\mobile.abbie\BitBayConsumer\BitBayConsumer.csproj", "{21360A8C-3D7D-4652-B9A4-882BE7A1135A}"
EndProject
Project("{FAE04EC0-301F-11D3-BF4B-00C04F79EFBC}") = "BitBay.NET.UnitTests", "BitBay.NET.UnitTests\BitBay.NET.UnitTests.csproj", "{5D033D02-A0B5-4E29-919D-BB0E115FFE77}"
EndProject
Global
	GlobalSection(SolutionConfigurationPlatforms) = preSolution
		Debug|Any CPU = Debug|Any CPU
		Release|Any CPU = Release|Any CPU
	EndGlobalSection
	GlobalSection(ProjectConfigurationPlatforms) = postSolution
		{BA58ECBD-C130-47A6-B7FA-6A926430F1CF}.Debug|Any CPU.ActiveCfg = Debug|Any CPU
		{BA58ECBD-C130-47A6-B7FA-6A926430F1CF}.Debug|Any CPU.Build.0 = Debug|Any CPU
		{BA58ECBD-C130-47A6-B7FA-6A926430F1CF}.Release|Any CPU.ActiveCfg = Release|Any CPU
		{BA58ECBD-C130-47A6-B7FA-6A926430F1CF}.Release|Any CPU.Build.0 = Release|Any CPU
		{21360A8C-3D7D-4652-B9A4-882BE7A1135A}.Debug|Any CPU.ActiveCfg = Debug|Any CPU
		{21360A8C-3D7D-4652-B9A4-882BE7A1135A}.Debug|Any CPU.Build.0 = Debug|Any CPU
		{21360A8C-3D7D-4652-B9A4-882BE7A1135A}.Release|Any CPU.ActiveCfg = Release|Any CPU
		{21360A8C-3D7D-4652-B9A4-882BE7A1135A}.Release|Any CPU.Build.0 = Release|Any CPU
		{5D033D02-A0B5-4E29-919D-BB0E115FFE77}.Debug|Any CPU.ActiveCfg = Debug|Any CPU
		{5D033D02-A0B5-4E29-919D-BB0E115FFE77}.Debug|Any CPU.Build.0 = Debug|Any CPU
		{5D033D02-A0B5-4E29-919D-BB0E115FFE77}.Release|Any CPU.ActiveCfg = Release|Any CPU
		{5D033D02-A0B5-4E29-919D-BB0E115FFE77}.Release|Any CPU.Build.0 = Release|Any CPU
	EndGlobalSection
	GlobalSection(SolutionProperties) = preSolution
		HideSolutionNode = FALSE
	EndGlobalSection
	GlobalSection(ExtensibilityGlobals) = postSolution
		SolutionGuid = {C4899C1B-2287-4E31-9DFB-7F56AB71B328}
	EndGlobalSection
EndGlobal
